
Microsoft Visual Studio Solution File, Format Version 12.00
# Visual Studio Version 17
VisualStudioVersion = 17.6.33815.320
MinimumVisualStudioVersion = 10.0.40219.1
Project("{FAE04EC0-301F-11D3-BF4B-00C04F79EFBC}") = "OnlineCart", "OnlineCart.cs\OnlineCart.csproj", "{4C51C18A-8E28-4BCB-B1C5-409429C65408}"
EndProject
Global
	GlobalSection(SolutionConfigurationPlatforms) = preSolution
		Debug|Any CPU = Debug|Any CPU
		Release|Any CPU = Release|Any CPU
	EndGlobalSection
	GlobalSection(ProjectConfigurationPlatforms) = postSolution
		{4C51C18A-8E28-4BCB-B1C5-409429C65408}.Debug|Any CPU.ActiveCfg = Debug|Any CPU
		{4C51C18A-8E28-4BCB-B1C5-409429C65408}.Debug|Any CPU.Build.0 = Debug|Any CPU
		{4C51C18A-8E28-4BCB-B1C5-409429C65408}.Release|Any CPU.ActiveCfg = Release|Any CPU
		{4C51C18A-8E28-4BCB-B1C5-409429C65408}.Release|Any CPU.Build.0 = Release|Any CPU
	EndGlobalSection
	GlobalSection(SolutionProperties) = preSolution
		HideSolutionNode = FALSE
	EndGlobalSection
	GlobalSection(ExtensibilityGlobals) = postSolution
		SolutionGuid = {4A6FE47C-C422-4C51-8194-028D61597EF1}
	EndGlobalSection
EndGlobal
